// !$*UTF8*$!
{
	archiveVersion = 1;
	classes = {
	};
	objectVersion = 46;
	objects = {

/* Begin PBXBuildFile section */
		1F4B84FA1DEB46BA00CF1163 /* MTKDuo.h in Headers */ = {isa = PBXBuildFile; fileRef = 1F4B84F81DEB46BA00CF1163 /* MTKDuo.h */; settings = {ATTRIBUTES = (Public, ); }; };
		1F4B84FB1DEB46BA00CF1163 /* MTKDuo.m in Sources */ = {isa = PBXBuildFile; fileRef = 1F4B84F91DEB46BA00CF1163 /* MTKDuo.m */; };
		1F4B84FF1DEB568900CF1163 /* NSNetService+Extension.h in Headers */ = {isa = PBXBuildFile; fileRef = 1F4B84FD1DEB568900CF1163 /* NSNetService+Extension.h */; };
		1F4B85001DEB568900CF1163 /* NSNetService+Extension.m in Sources */ = {isa = PBXBuildFile; fileRef = 1F4B84FE1DEB568900CF1163 /* NSNetService+Extension.m */; };
		1FEB95EA1DE93CBE00D98443 /* DuoKit.h in Headers */ = {isa = PBXBuildFile; fileRef = 1FEB95E81DE93CBE00D98443 /* DuoKit.h */; settings = {ATTRIBUTES = (Public, ); }; };
		1FEB95F61DE9401D00D98443 /* MTKDuoBrowser.h in Headers */ = {isa = PBXBuildFile; fileRef = 1FEB95F41DE9401D00D98443 /* MTKDuoBrowser.h */; settings = {ATTRIBUTES = (Public, ); }; };
		1FEB95F71DE9401D00D98443 /* MTKDuoBrowser.m in Sources */ = {isa = PBXBuildFile; fileRef = 1FEB95F51DE9401D00D98443 /* MTKDuoBrowser.m */; };
		426EC0ED1E234F0300D2D762 /* MTKDuoUI.h in Headers */ = {isa = PBXBuildFile; fileRef = 426EC0EB1E234F0300D2D762 /* MTKDuoUI.h */; settings = {ATTRIBUTES = (Public, ); }; };
		426EC0EE1E234F0300D2D762 /* MTKDuoUI.m in Sources */ = {isa = PBXBuildFile; fileRef = 426EC0EC1E234F0300D2D762 /* MTKDuoUI.m */; };
/* End PBXBuildFile section */

/* Begin PBXFileReference section */
		1F4B84F81DEB46BA00CF1163 /* MTKDuo.h */ = {isa = PBXFileReference; fileEncoding = 4; lastKnownFileType = sourcecode.c.h; name = MTKDuo.h; path = Object/Duo/MTKDuo.h; sourceTree = "<group>"; };
		1F4B84F91DEB46BA00CF1163 /* MTKDuo.m */ = {isa = PBXFileReference; fileEncoding = 4; lastKnownFileType = sourcecode.c.objc; name = MTKDuo.m; path = Object/Duo/MTKDuo.m; sourceTree = "<group>"; };
		1F4B84FD1DEB568900CF1163 /* NSNetService+Extension.h */ = {isa = PBXFileReference; fileEncoding = 4; lastKnownFileType = sourcecode.c.h; name = "NSNetService+Extension.h"; path = "Extension/NSNetService+Extension.h"; sourceTree = "<group>"; };
		1F4B84FE1DEB568900CF1163 /* NSNetService+Extension.m */ = {isa = PBXFileReference; fileEncoding = 4; lastKnownFileType = sourcecode.c.objc; name = "NSNetService+Extension.m"; path = "Extension/NSNetService+Extension.m"; sourceTree = "<group>"; };
		1FEB95E51DE93CBE00D98443 /* DuoKit.framework */ = {isa = PBXFileReference; explicitFileType = wrapper.framework; includeInIndex = 0; path = DuoKit.framework; sourceTree = BUILT_PRODUCTS_DIR; };
		1FEB95E81DE93CBE00D98443 /* DuoKit.h */ = {isa = PBXFileReference; lastKnownFileType = sourcecode.c.h; path = DuoKit.h; sourceTree = "<group>"; };
		1FEB95E91DE93CBE00D98443 /* Info.plist */ = {isa = PBXFileReference; lastKnownFileType = text.plist.xml; path = Info.plist; sourceTree = "<group>"; };
		1FEB95F41DE9401D00D98443 /* MTKDuoBrowser.h */ = {isa = PBXFileReference; fileEncoding = 4; lastKnownFileType = sourcecode.c.h; name = MTKDuoBrowser.h; path = Bonjour/MTKDuoBrowser.h; sourceTree = "<group>"; };
		1FEB95F51DE9401D00D98443 /* MTKDuoBrowser.m */ = {isa = PBXFileReference; fileEncoding = 4; lastKnownFileType = sourcecode.c.objc; name = MTKDuoBrowser.m; path = Bonjour/MTKDuoBrowser.m; sourceTree = "<group>"; };
		1FFB9F1C1E289F810052B2B8 /* DuoKit.cpp */ = {isa = PBXFileReference; lastKnownFileType = sourcecode.cpp.cpp; path = DuoKit.cpp; sourceTree = "<group>"; };
		1FFB9F1D1E289F810052B2B8 /* DuoKit.h */ = {isa = PBXFileReference; lastKnownFileType = sourcecode.c.h; path = DuoKit.h; sourceTree = "<group>"; };
		1FFB9F201E289F810052B2B8 /* Basic.ino */ = {isa = PBXFileReference; lastKnownFileType = text; path = Basic.ino; sourceTree = "<group>"; };
		1FFB9F221E289F810052B2B8 /* RGB_LED.ino */ = {isa = PBXFileReference; lastKnownFileType = text; path = RGB_LED.ino; sourceTree = "<group>"; };
		1FFB9F231E289F810052B2B8 /* keywords.txt */ = {isa = PBXFileReference; lastKnownFileType = text; path = keywords.txt; sourceTree = "<group>"; };
		1FFB9F241E289F810052B2B8 /* library.properties */ = {isa = PBXFileReference; lastKnownFileType = text; path = library.properties; sourceTree = "<group>"; };
		1FFB9F251E289F810052B2B8 /* README.adoc */ = {isa = PBXFileReference; lastKnownFileType = text; path = README.adoc; sourceTree = "<group>"; };
		426EC0EB1E234F0300D2D762 /* MTKDuoUI.h */ = {isa = PBXFileReference; fileEncoding = 4; lastKnownFileType = sourcecode.c.h; name = MTKDuoUI.h; path = Object/Duo/MTKDuoUI.h; sourceTree = "<group>"; };
		426EC0EC1E234F0300D2D762 /* MTKDuoUI.m */ = {isa = PBXFileReference; fileEncoding = 4; lastKnownFileType = sourcecode.c.objc; name = MTKDuoUI.m; path = Object/Duo/MTKDuoUI.m; sourceTree = "<group>"; };
/* End PBXFileReference section */

/* Begin PBXFrameworksBuildPhase section */
		1FEB95E11DE93CBE00D98443 /* Frameworks */ = {
			isa = PBXFrameworksBuildPhase;
			buildActionMask = 2147483647;
			files = (
			);
			runOnlyForDeploymentPostprocessing = 0;
		};
/* End PBXFrameworksBuildPhase section */

/* Begin PBXGroup section */
		1F4B84F71DEB463E00CF1163 /* Object */ = {
			isa = PBXGroup;
			children = (
				1F4B84F81DEB46BA00CF1163 /* MTKDuo.h */,
				1F4B84F91DEB46BA00CF1163 /* MTKDuo.m */,
				426EC0EB1E234F0300D2D762 /* MTKDuoUI.h */,
				426EC0EC1E234F0300D2D762 /* MTKDuoUI.m */,
			);
			name = Object;
			sourceTree = "<group>";
		};
		1F4B84FC1DEB562000CF1163 /* Extension */ = {
			isa = PBXGroup;
			children = (
				1F4B84FD1DEB568900CF1163 /* NSNetService+Extension.h */,
				1F4B84FE1DEB568900CF1163 /* NSNetService+Extension.m */,
			);
			name = Extension;
			sourceTree = "<group>";
		};
		1FEB95DB1DE93CBE00D98443 = {
			isa = PBXGroup;
			children = (
				1FFB9F1B1E289F810052B2B8 /* Arduino Library */,
				1FEB95E71DE93CBE00D98443 /* DuoKit */,
				1FEB95E61DE93CBE00D98443 /* Products */,
			);
			sourceTree = "<group>";
		};
		1FEB95E61DE93CBE00D98443 /* Products */ = {
			isa = PBXGroup;
			children = (
				1FEB95E51DE93CBE00D98443 /* DuoKit.framework */,
			);
			name = Products;
			sourceTree = "<group>";
		};
		1FEB95E71DE93CBE00D98443 /* DuoKit */ = {
			isa = PBXGroup;
			children = (
				1F4B84FC1DEB562000CF1163 /* Extension */,
				1FEB95F21DE93E9700D98443 /* Class */,
				1FEB95E81DE93CBE00D98443 /* DuoKit.h */,
				1FEB95E91DE93CBE00D98443 /* Info.plist */,
			);
			path = DuoKit;
			sourceTree = "<group>";
		};
		1FEB95F21DE93E9700D98443 /* Class */ = {
			isa = PBXGroup;
			children = (
				1F4B84F71DEB463E00CF1163 /* Object */,
				1FEB95F31DE93ED300D98443 /* Browser */,
			);
			name = Class;
			sourceTree = "<group>";
		};
		1FEB95F31DE93ED300D98443 /* Browser */ = {
			isa = PBXGroup;
			children = (
				1FEB95F41DE9401D00D98443 /* MTKDuoBrowser.h */,
				1FEB95F51DE9401D00D98443 /* MTKDuoBrowser.m */,
			);
			name = Browser;
			sourceTree = "<group>";
		};
		1FFB9F1B1E289F810052B2B8 /* Arduino Library */ = {
			isa = PBXGroup;
			children = (
				1FFB9F1E1E289F810052B2B8 /* examples */,
				1FFB9F1D1E289F810052B2B8 /* DuoKit.h */,
				1FFB9F1C1E289F810052B2B8 /* DuoKit.cpp */,
				1FFB9F241E289F810052B2B8 /* library.properties */,
				1FFB9F231E289F810052B2B8 /* keywords.txt */,
				1FFB9F251E289F810052B2B8 /* README.adoc */,
			);
			name = "Arduino Library";
			path = ../../Arduino/DuoKit;
			sourceTree = "<group>";
		};
		1FFB9F1E1E289F810052B2B8 /* examples */ = {
			isa = PBXGroup;
			children = (
				1FFB9F1F1E289F810052B2B8 /* Basic */,
				1FFB9F211E289F810052B2B8 /* RGB_LED */,
			);
			path = examples;
			sourceTree = "<group>";
		};
		1FFB9F1F1E289F810052B2B8 /* Basic */ = {
			isa = PBXGroup;
			children = (
				1FFB9F201E289F810052B2B8 /* Basic.ino */,
			);
			path = Basic;
			sourceTree = "<group>";
		};
		1FFB9F211E289F810052B2B8 /* RGB_LED */ = {
			isa = PBXGroup;
			children = (
				1FFB9F221E289F810052B2B8 /* RGB_LED.ino */,
			);
			path = RGB_LED;
			sourceTree = "<group>";
		};
/* End PBXGroup section */

/* Begin PBXHeadersBuildPhase section */
		1FEB95E21DE93CBE00D98443 /* Headers */ = {
			isa = PBXHeadersBuildPhase;
			buildActionMask = 2147483647;
			files = (
				1FEB95EA1DE93CBE00D98443 /* DuoKit.h in Headers */,
				1F4B84FA1DEB46BA00CF1163 /* MTKDuo.h in Headers */,
				426EC0ED1E234F0300D2D762 /* MTKDuoUI.h in Headers */,
				1FEB95F61DE9401D00D98443 /* MTKDuoBrowser.h in Headers */,
				1F4B84FF1DEB568900CF1163 /* NSNetService+Extension.h in Headers */,
			);
			runOnlyForDeploymentPostprocessing = 0;
		};
/* End PBXHeadersBuildPhase section */

/* Begin PBXNativeTarget section */
		1FEB95E41DE93CBE00D98443 /* DuoKit */ = {
			isa = PBXNativeTarget;
			buildConfigurationList = 1FEB95ED1DE93CBE00D98443 /* Build configuration list for PBXNativeTarget "DuoKit" */;
			buildPhases = (
				1FEB95E01DE93CBE00D98443 /* Sources */,
				1FEB95E11DE93CBE00D98443 /* Frameworks */,
				1FEB95E21DE93CBE00D98443 /* Headers */,
				1FEB95E31DE93CBE00D98443 /* Resources */,
				1FEB95F01DE93CE700D98443 /* Increase Build Number */,
				1FEB95F11DE93D0300D98443 /* Increase Subversion Number */,
			);
			buildRules = (
			);
			dependencies = (
			);
			name = DuoKit;
			productName = DuoKit;
			productReference = 1FEB95E51DE93CBE00D98443 /* DuoKit.framework */;
			productType = "com.apple.product-type.framework";
		};
/* End PBXNativeTarget section */

/* Begin PBXProject section */
		1FEB95DC1DE93CBE00D98443 /* Project object */ = {
			isa = PBXProject;
			attributes = {
				CLASSPREFIX = MTK;
				LastUpgradeCheck = 0820;
				ORGANIZATIONNAME = "MediaTek Inc.";
				TargetAttributes = {
					1FEB95E41DE93CBE00D98443 = {
						CreatedOnToolsVersion = 8.1;
						DevelopmentTeam = ZG5MN8MJ6A;
						ProvisioningStyle = Automatic;
					};
				};
			};
			buildConfigurationList = 1FEB95DF1DE93CBE00D98443 /* Build configuration list for PBXProject "DuoKit" */;
			compatibilityVersion = "Xcode 3.2";
			developmentRegion = English;
			hasScannedForEncodings = 0;
			knownRegions = (
				en,
			);
			mainGroup = 1FEB95DB1DE93CBE00D98443;
			productRefGroup = 1FEB95E61DE93CBE00D98443 /* Products */;
			projectDirPath = "";
			projectRoot = "";
			targets = (
				1FEB95E41DE93CBE00D98443 /* DuoKit */,
			);
		};
/* End PBXProject section */

/* Begin PBXResourcesBuildPhase section */
		1FEB95E31DE93CBE00D98443 /* Resources */ = {
			isa = PBXResourcesBuildPhase;
			buildActionMask = 2147483647;
			files = (
			);
			runOnlyForDeploymentPostprocessing = 0;
		};
/* End PBXResourcesBuildPhase section */

/* Begin PBXShellScriptBuildPhase section */
		1FEB95F01DE93CE700D98443 /* Increase Build Number */ = {
			isa = PBXShellScriptBuildPhase;
			buildActionMask = 2147483647;
			files = (
			);
			inputPaths = (
			);
			name = "Increase Build Number";
			outputPaths = (
			);
			runOnlyForDeploymentPostprocessing = 0;
			shellPath = /bin/sh;
			shellScript = "buildNumber=$(/usr/libexec/PlistBuddy -c \"Print CFBundleVersion\" \"${PROJECT_DIR}/${INFOPLIST_FILE}\")\nbuildNumber=$(($buildNumber + 1))\n/usr/libexec/PlistBuddy -c \"Set :CFBundleVersion $buildNumber\" \"${PROJECT_DIR}/${INFOPLIST_FILE}\"";
		};
		1FEB95F11DE93D0300D98443 /* Increase Subversion Number */ = {
			isa = PBXShellScriptBuildPhase;
			buildActionMask = 8;
			files = (
			);
			inputPaths = (
			);
			name = "Increase Subversion Number";
			outputPaths = (
			);
			runOnlyForDeploymentPostprocessing = 1;
			shellPath = /bin/sh;
			shellScript = "VERSIONNUM=$(/usr/libexec/PlistBuddy -c \"Print CFBundleShortVersionString\" \"${PROJECT_DIR}/${INFOPLIST_FILE}\")\nNEWSUBVERSION=`echo $VERSIONNUM | awk -F \".\" '{print $3}'`\nNEWSUBVERSION=$(($NEWSUBVERSION + 1))\nNEWVERSIONSTRING=`echo $VERSIONNUM | awk -F \".\" '{print $1 \".\" $2 \".'$NEWSUBVERSION'\" }'`\n/usr/libexec/PlistBuddy -c \"Set :CFBundleShortVersionString $NEWVERSIONSTRING\" \"${PROJECT_DIR}/${INFOPLIST_FILE}\"";
		};
/* End PBXShellScriptBuildPhase section */

/* Begin PBXSourcesBuildPhase section */
		1FEB95E01DE93CBE00D98443 /* Sources */ = {
			isa = PBXSourcesBuildPhase;
			buildActionMask = 2147483647;
			files = (
				1F4B85001DEB568900CF1163 /* NSNetService+Extension.m in Sources */,
				1F4B84FB1DEB46BA00CF1163 /* MTKDuo.m in Sources */,
				426EC0EE1E234F0300D2D762 /* MTKDuoUI.m in Sources */,
				1FEB95F71DE9401D00D98443 /* MTKDuoBrowser.m in Sources */,
			);
			runOnlyForDeploymentPostprocessing = 0;
		};
/* End PBXSourcesBuildPhase section */

/* Begin XCBuildConfiguration section */
		1FEB95EB1DE93CBE00D98443 /* Debug */ = {
			isa = XCBuildConfiguration;
			buildSettings = {
				ALWAYS_SEARCH_USER_PATHS = NO;
				CLANG_ANALYZER_NONNULL = YES;
				CLANG_CXX_LANGUAGE_STANDARD = "gnu++0x";
				CLANG_CXX_LIBRARY = "libc++";
				CLANG_ENABLE_MODULES = YES;
				CLANG_ENABLE_OBJC_ARC = YES;
				CLANG_WARN_BOOL_CONVERSION = YES;
				CLANG_WARN_CONSTANT_CONVERSION = YES;
				CLANG_WARN_DIRECT_OBJC_ISA_USAGE = YES_ERROR;
				CLANG_WARN_DOCUMENTATION_COMMENTS = YES;
				CLANG_WARN_EMPTY_BODY = YES;
				CLANG_WARN_ENUM_CONVERSION = YES;
				CLANG_WARN_INFINITE_RECURSION = YES;
				CLANG_WARN_INT_CONVERSION = YES;
				CLANG_WARN_OBJC_ROOT_CLASS = YES_ERROR;
				CLANG_WARN_SUSPICIOUS_MOVE = YES;
				CLANG_WARN_SUSPICIOUS_MOVES = YES;
				CLANG_WARN_UNREACHABLE_CODE = YES;
				CLANG_WARN__DUPLICATE_METHOD_MATCH = YES;
				"CODE_SIGN_IDENTITY[sdk=iphoneos*]" = "iPhone Developer";
				COPY_PHASE_STRIP = NO;
				CURRENT_PROJECT_VERSION = 1;
				DEBUG_INFORMATION_FORMAT = dwarf;
				ENABLE_STRICT_OBJC_MSGSEND = YES;
				ENABLE_TESTABILITY = YES;
				GCC_C_LANGUAGE_STANDARD = gnu99;
				GCC_DYNAMIC_NO_PIC = NO;
				GCC_NO_COMMON_BLOCKS = YES;
				GCC_OPTIMIZATION_LEVEL = 0;
				GCC_PREPROCESSOR_DEFINITIONS = (
					"DEBUG=1",
					"$(inherited)",
				);
				GCC_WARN_64_TO_32_BIT_CONVERSION = YES;
				GCC_WARN_ABOUT_RETURN_TYPE = YES_ERROR;
				GCC_WARN_UNDECLARED_SELECTOR = YES;
				GCC_WARN_UNINITIALIZED_AUTOS = YES_AGGRESSIVE;
				GCC_WARN_UNUSED_FUNCTION = YES;
				GCC_WARN_UNUSED_VARIABLE = YES;
				IPHONEOS_DEPLOYMENT_TARGET = 9.0;
				MTL_ENABLE_DEBUG_INFO = YES;
				ONLY_ACTIVE_ARCH = YES;
				SDKROOT = iphoneos;
				TARGETED_DEVICE_FAMILY = "1,2";
				VERSIONING_SYSTEM = "apple-generic";
				VERSION_INFO_PREFIX = "";
			};
			name = Debug;
		};
		1FEB95EC1DE93CBE00D98443 /* Release */ = {
			isa = XCBuildConfiguration;
			buildSettings = {
				ALWAYS_SEARCH_USER_PATHS = NO;
				CLANG_ANALYZER_NONNULL = YES;
				CLANG_CXX_LANGUAGE_STANDARD = "gnu++0x";
				CLANG_CXX_LIBRARY = "libc++";
				CLANG_ENABLE_MODULES = YES;
				CLANG_ENABLE_OBJC_ARC = YES;
				CLANG_WARN_BOOL_CONVERSION = YES;
				CLANG_WARN_CONSTANT_CONVERSION = YES;
				CLANG_WARN_DIRECT_OBJC_ISA_USAGE = YES_ERROR;
				CLANG_WARN_DOCUMENTATION_COMMENTS = YES;
				CLANG_WARN_EMPTY_BODY = YES;
				CLANG_WARN_ENUM_CONVERSION = YES;
				CLANG_WARN_INFINITE_RECURSION = YES;
				CLANG_WARN_INT_CONVERSION = YES;
				CLANG_WARN_OBJC_ROOT_CLASS = YES_ERROR;
				CLANG_WARN_SUSPICIOUS_MOVE = YES;
				CLANG_WARN_SUSPICIOUS_MOVES = YES;
				CLANG_WARN_UNREACHABLE_CODE = YES;
				CLANG_WARN__DUPLICATE_METHOD_MATCH = YES;
				"CODE_SIGN_IDENTITY[sdk=iphoneos*]" = "iPhone Developer";
				COPY_PHASE_STRIP = NO;
				CURRENT_PROJECT_VERSION = 1;
				DEBUG_INFORMATION_FORMAT = "dwarf-with-dsym";
				ENABLE_NS_ASSERTIONS = NO;
				ENABLE_STRICT_OBJC_MSGSEND = YES;
				GCC_C_LANGUAGE_STANDARD = gnu99;
				GCC_NO_COMMON_BLOCKS = YES;
				GCC_WARN_64_TO_32_BIT_CONVERSION = YES;
				GCC_WARN_ABOUT_RETURN_TYPE = YES_ERROR;
				GCC_WARN_UNDECLARED_SELECTOR = YES;
				GCC_WARN_UNINITIALIZED_AUTOS = YES_AGGRESSIVE;
				GCC_WARN_UNUSED_FUNCTION = YES;
				GCC_WARN_UNUSED_VARIABLE = YES;
				IPHONEOS_DEPLOYMENT_TARGET = 9.0;
				MTL_ENABLE_DEBUG_INFO = NO;
				SDKROOT = iphoneos;
				TARGETED_DEVICE_FAMILY = "1,2";
				VALIDATE_PRODUCT = YES;
				VERSIONING_SYSTEM = "apple-generic";
				VERSION_INFO_PREFIX = "";
			};
			name = Release;
		};
		1FEB95EE1DE93CBE00D98443 /* Debug */ = {
			isa = XCBuildConfiguration;
			buildSettings = {
				CODE_SIGN_IDENTITY = "";
				DEFINES_MODULE = YES;
				DEVELOPMENT_TEAM = ZG5MN8MJ6A;
				DYLIB_COMPATIBILITY_VERSION = 1;
				DYLIB_CURRENT_VERSION = 1;
				DYLIB_INSTALL_NAME_BASE = "@rpath";
				INFOPLIST_FILE = DuoKit/Info.plist;
				INSTALL_PATH = "$(LOCAL_LIBRARY_DIR)/Frameworks";
				IPHONEOS_DEPLOYMENT_TARGET = 9.0;
				LD_RUNPATH_SEARCH_PATHS = "$(inherited) @executable_path/Frameworks @loader_path/Frameworks";
				PRODUCT_BUNDLE_IDENTIFIER = vg.vox.DuoKit;
				PRODUCT_NAME = "$(TARGET_NAME)";
				SKIP_INSTALL = YES;
			};
			name = Debug;
		};
		1FEB95EF1DE93CBE00D98443 /* Release */ = {
			isa = XCBuildConfiguration;
			buildSettings = {
				CODE_SIGN_IDENTITY = "";
				DEFINES_MODULE = YES;
				DEVELOPMENT_TEAM = ZG5MN8MJ6A;
				DYLIB_COMPATIBILITY_VERSION = 1;
				DYLIB_CURRENT_VERSION = 1;
				DYLIB_INSTALL_NAME_BASE = "@rpath";
				INFOPLIST_FILE = DuoKit/Info.plist;
				INSTALL_PATH = "$(LOCAL_LIBRARY_DIR)/Frameworks";
				IPHONEOS_DEPLOYMENT_TARGET = 9.0;
				LD_RUNPATH_SEARCH_PATHS = "$(inherited) @executable_path/Frameworks @loader_path/Frameworks";
				PRODUCT_BUNDLE_IDENTIFIER = vg.vox.DuoKit;
				PRODUCT_NAME = "$(TARGET_NAME)";
				SKIP_INSTALL = YES;
			};
			name = Release;
		};
/* End XCBuildConfiguration section */

/* Begin XCConfigurationList section */
		1FEB95DF1DE93CBE00D98443 /* Build configuration list for PBXProject "DuoKit" */ = {
			isa = XCConfigurationList;
			buildConfigurations = (
				1FEB95EB1DE93CBE00D98443 /* Debug */,
				1FEB95EC1DE93CBE00D98443 /* Release */,
			);
			defaultConfigurationIsVisible = 0;
			defaultConfigurationName = Release;
		};
		1FEB95ED1DE93CBE00D98443 /* Build configuration list for PBXNativeTarget "DuoKit" */ = {
			isa = XCConfigurationList;
			buildConfigurations = (
				1FEB95EE1DE93CBE00D98443 /* Debug */,
				1FEB95EF1DE93CBE00D98443 /* Release */,
			);
			defaultConfigurationIsVisible = 0;
			defaultConfigurationName = Release;
		};
/* End XCConfigurationList section */
	};
	rootObject = 1FEB95DC1DE93CBE00D98443 /* Project object */;
}
